
Microsoft Visual Studio Solution File, Format Version 12.00
# Visual Studio Version 16
VisualStudioVersion = 16.0.31613.86
MinimumVisualStudioVersion = 10.0.40219.1
Project("{FAE04EC0-301F-11D3-BF4B-00C04F79EFBC}") = "BW photo", "BW photo\BW photo.csproj", "{1BAA8D0D-0FFE-41DF-899D-1FD8B961A8C0}"
EndProject
Global
	GlobalSection(SolutionConfigurationPlatforms) = preSolution
		Debug|Any CPU = Debug|Any CPU
		Release|Any CPU = Release|Any CPU
	EndGlobalSection
	GlobalSection(ProjectConfigurationPlatforms) = postSolution
		{1BAA8D0D-0FFE-41DF-899D-1FD8B961A8C0}.Debug|Any CPU.ActiveCfg = Debug|Any CPU
		{1BAA8D0D-0FFE-41DF-899D-1FD8B961A8C0}.Debug|Any CPU.Build.0 = Debug|Any CPU
		{1BAA8D0D-0FFE-41DF-899D-1FD8B961A8C0}.Release|Any CPU.ActiveCfg = Release|Any CPU
		{1BAA8D0D-0FFE-41DF-899D-1FD8B961A8C0}.Release|Any CPU.Build.0 = Release|Any CPU
	EndGlobalSection
	GlobalSection(SolutionProperties) = preSolution
		HideSolutionNode = FALSE
	EndGlobalSection
	GlobalSection(ExtensibilityGlobals) = postSolution
		SolutionGuid = {558E96C2-B909-44C1-B3BA-B1B30329E00C}
	EndGlobalSection
EndGlobal
